
Microsoft Visual Studio Solution File, Format Version 12.00
# Visual Studio Version 16
VisualStudioVersion = 16.0.31205.134
MinimumVisualStudioVersion = 10.0.40219.1
Project("{9A19103F-16F7-4668-BE54-9A1E7A4F7556}") = "GcpVault", "GcpVault\GcpVault.csproj", "{307DDBB5-6FA9-4A2D-991F-E630AE2E0946}"
EndProject
Project("{2150E333-8FDC-42A3-9474-1A3956D46DE8}") = "Solution Items", "Solution Items", "{A886D710-DF13-40ED-BFC8-9363888D4E8F}"
	ProjectSection(SolutionItems) = preProject
		.gitignore = .gitignore
		README.md = README.md
	EndProjectSection
EndProject
Global
	GlobalSection(SolutionConfigurationPlatforms) = preSolution
		Debug|Any CPU = Debug|Any CPU
		Release|Any CPU = Release|Any CPU
	EndGlobalSection
	GlobalSection(ProjectConfigurationPlatforms) = postSolution
		{307DDBB5-6FA9-4A2D-991F-E630AE2E0946}.Debug|Any CPU.ActiveCfg = Debug|Any CPU
		{307DDBB5-6FA9-4A2D-991F-E630AE2E0946}.Debug|Any CPU.Build.0 = Debug|Any CPU
		{307DDBB5-6FA9-4A2D-991F-E630AE2E0946}.Release|Any CPU.ActiveCfg = Release|Any CPU
		{307DDBB5-6FA9-4A2D-991F-E630AE2E0946}.Release|Any CPU.Build.0 = Release|Any CPU
	EndGlobalSection
	GlobalSection(SolutionProperties) = preSolution
		HideSolutionNode = FALSE
	EndGlobalSection
	GlobalSection(ExtensibilityGlobals) = postSolution
		SolutionGuid = {0E6C3248-A611-48CC-AB37-07F9D0FD0726}
	EndGlobalSection
EndGlobal
